
Microsoft Visual Studio Solution File, Format Version 12.00
# Visual Studio 15
VisualStudioVersion = 15.0.27130.2010
MinimumVisualStudioVersion = 10.0.40219.1
Project("{FAE04EC0-301F-11D3-BF4B-00C04F79EFBC}") = "IMDB", "IMDB\IMDB.csproj", "{A317157B-1EC1-4E22-AC42-499482A45B13}"
EndProject
Global
	GlobalSection(SolutionConfigurationPlatforms) = preSolution
		Debug|Any CPU = Debug|Any CPU
		Release|Any CPU = Release|Any CPU
	EndGlobalSection
	GlobalSection(ProjectConfigurationPlatforms) = postSolution
		{A317157B-1EC1-4E22-AC42-499482A45B13}.Debug|Any CPU.ActiveCfg = Debug|Any CPU
		{A317157B-1EC1-4E22-AC42-499482A45B13}.Debug|Any CPU.Build.0 = Debug|Any CPU
		{A317157B-1EC1-4E22-AC42-499482A45B13}.Release|Any CPU.ActiveCfg = Release|Any CPU
		{A317157B-1EC1-4E22-AC42-499482A45B13}.Release|Any CPU.Build.0 = Release|Any CPU
	EndGlobalSection
	GlobalSection(SolutionProperties) = preSolution
		HideSolutionNode = FALSE
	EndGlobalSection
	GlobalSection(ExtensibilityGlobals) = postSolution
		SolutionGuid = {4E3D0B2B-392C-4235-9B46-74ADF5D58BA2}
	EndGlobalSection
EndGlobal
